
Microsoft Visual Studio Solution File, Format Version 12.00
# Visual Studio Version 17
VisualStudioVersion = 17.7.34202.233
MinimumVisualStudioVersion = 10.0.40219.1
Project("{FAE04EC0-301F-11D3-BF4B-00C04F79EFBC}") = "Vtys.Core", "Vtys.Core\Vtys.Core.csproj", "{357B5212-C03D-4A87-BF1F-B1A9E34F7759}"
EndProject
Project("{FAE04EC0-301F-11D3-BF4B-00C04F79EFBC}") = "Vtys.Homework.Business", "Vtys.Homework.Business\Vtys.Homework.Business.csproj", "{4E51FD1F-5607-4CE7-ABE5-C24B8C11934E}"
EndProject
Project("{FAE04EC0-301F-11D3-BF4B-00C04F79EFBC}") = "Vtys.Homework.DataAccess", "Vtys.Homework.DataAccess\Vtys.Homework.DataAccess.csproj", "{75BE775F-3BAD-4C1B-AC13-D7F0131B628A}"
EndProject
Project("{FAE04EC0-301F-11D3-BF4B-00C04F79EFBC}") = "Vtys.Homework.Entities", "Vtys.Homework.Entities\Vtys.Homework.Entities.csproj", "{94FE6F0D-1B90-482E-9435-DFA60C4F9834}"
EndProject
Project("{FAE04EC0-301F-11D3-BF4B-00C04F79EFBC}") = "Vtys.Homework.WebApi", "Vtys.Homework.WebApi\Vtys.Homework.WebApi.csproj", "{4554A634-8BBF-4408-A953-C8C326F3C8CF}"
EndProject
Global
	GlobalSection(SolutionConfigurationPlatforms) = preSolution
		Debug|Any CPU = Debug|Any CPU
		Release|Any CPU = Release|Any CPU
	EndGlobalSection
	GlobalSection(ProjectConfigurationPlatforms) = postSolution
		{357B5212-C03D-4A87-BF1F-B1A9E34F7759}.Debug|Any CPU.ActiveCfg = Debug|Any CPU
		{357B5212-C03D-4A87-BF1F-B1A9E34F7759}.Debug|Any CPU.Build.0 = Debug|Any CPU
		{357B5212-C03D-4A87-BF1F-B1A9E34F7759}.Release|Any CPU.ActiveCfg = Release|Any CPU
		{357B5212-C03D-4A87-BF1F-B1A9E34F7759}.Release|Any CPU.Build.0 = Release|Any CPU
		{4E51FD1F-5607-4CE7-ABE5-C24B8C11934E}.Debug|Any CPU.ActiveCfg = Debug|Any CPU
		{4E51FD1F-5607-4CE7-ABE5-C24B8C11934E}.Debug|Any CPU.Build.0 = Debug|Any CPU
		{4E51FD1F-5607-4CE7-ABE5-C24B8C11934E}.Release|Any CPU.ActiveCfg = Release|Any CPU
		{4E51FD1F-5607-4CE7-ABE5-C24B8C11934E}.Release|Any CPU.Build.0 = Release|Any CPU
		{75BE775F-3BAD-4C1B-AC13-D7F0131B628A}.Debug|Any CPU.ActiveCfg = Debug|Any CPU
		{75BE775F-3BAD-4C1B-AC13-D7F0131B628A}.Debug|Any CPU.Build.0 = Debug|Any CPU
		{75BE775F-3BAD-4C1B-AC13-D7F0131B628A}.Release|Any CPU.ActiveCfg = Release|Any CPU
		{75BE775F-3BAD-4C1B-AC13-D7F0131B628A}.Release|Any CPU.Build.0 = Release|Any CPU
		{94FE6F0D-1B90-482E-9435-DFA60C4F9834}.Debug|Any CPU.ActiveCfg = Debug|Any CPU
		{94FE6F0D-1B90-482E-9435-DFA60C4F9834}.Debug|Any CPU.Build.0 = Debug|Any CPU
		{94FE6F0D-1B90-482E-9435-DFA60C4F9834}.Release|Any CPU.ActiveCfg = Release|Any CPU
		{94FE6F0D-1B90-482E-9435-DFA60C4F9834}.Release|Any CPU.Build.0 = Release|Any CPU
		{4554A634-8BBF-4408-A953-C8C326F3C8CF}.Debug|Any CPU.ActiveCfg = Debug|Any CPU
		{4554A634-8BBF-4408-A953-C8C326F3C8CF}.Debug|Any CPU.Build.0 = Debug|Any CPU
		{4554A634-8BBF-4408-A953-C8C326F3C8CF}.Release|Any CPU.ActiveCfg = Release|Any CPU
		{4554A634-8BBF-4408-A953-C8C326F3C8CF}.Release|Any CPU.Build.0 = Release|Any CPU
	EndGlobalSection
	GlobalSection(SolutionProperties) = preSolution
		HideSolutionNode = FALSE
	EndGlobalSection
	GlobalSection(ExtensibilityGlobals) = postSolution
		SolutionGuid = {F8442EA0-C03E-4ECF-9203-9679849E23DB}
	EndGlobalSection
EndGlobal
